
Microsoft Visual Studio Solution File, Format Version 12.00
# Visual Studio Version 17
VisualStudioVersion = 17.3.32901.215
MinimumVisualStudioVersion = 10.0.40219.1
Project("{8BC9CEB8-8B4A-11D0-8D11-00A0C91BC942}") = "lab_6_1_rec", "lab_6_1_rec.vcxproj", "{9E22F1E6-BC23-4CCA-BA90-1710BDA4D63C}"
EndProject
Project("{8BC9CEB8-8B4A-11D0-8D11-00A0C91BC942}") = "test_6_1_rec", "..\test_6_1_rec\test_6_1_rec.vcxproj", "{D9EC3DC3-518D-40E5-9A44-A2B6C8ADA773}"
EndProject
Global
	GlobalSection(SolutionConfigurationPlatforms) = preSolution
		Debug|x64 = Debug|x64
		Debug|x86 = Debug|x86
		Release|x64 = Release|x64
		Release|x86 = Release|x86
	EndGlobalSection
	GlobalSection(ProjectConfigurationPlatforms) = postSolution
		{9E22F1E6-BC23-4CCA-BA90-1710BDA4D63C}.Debug|x64.ActiveCfg = Debug|x64
		{9E22F1E6-BC23-4CCA-BA90-1710BDA4D63C}.Debug|x64.Build.0 = Debug|x64
		{9E22F1E6-BC23-4CCA-BA90-1710BDA4D63C}.Debug|x86.ActiveCfg = Debug|Win32
		{9E22F1E6-BC23-4CCA-BA90-1710BDA4D63C}.Debug|x86.Build.0 = Debug|Win32
		{9E22F1E6-BC23-4CCA-BA90-1710BDA4D63C}.Release|x64.ActiveCfg = Release|x64
		{9E22F1E6-BC23-4CCA-BA90-1710BDA4D63C}.Release|x64.Build.0 = Release|x64
		{9E22F1E6-BC23-4CCA-BA90-1710BDA4D63C}.Release|x86.ActiveCfg = Release|Win32
		{9E22F1E6-BC23-4CCA-BA90-1710BDA4D63C}.Release|x86.Build.0 = Release|Win32
		{D9EC3DC3-518D-40E5-9A44-A2B6C8ADA773}.Debug|x64.ActiveCfg = Debug|x64
		{D9EC3DC3-518D-40E5-9A44-A2B6C8ADA773}.Debug|x64.Build.0 = Debug|x64
		{D9EC3DC3-518D-40E5-9A44-A2B6C8ADA773}.Debug|x86.ActiveCfg = Debug|Win32
		{D9EC3DC3-518D-40E5-9A44-A2B6C8ADA773}.Debug|x86.Build.0 = Debug|Win32
		{D9EC3DC3-518D-40E5-9A44-A2B6C8ADA773}.Release|x64.ActiveCfg = Release|x64
		{D9EC3DC3-518D-40E5-9A44-A2B6C8ADA773}.Release|x64.Build.0 = Release|x64
		{D9EC3DC3-518D-40E5-9A44-A2B6C8ADA773}.Release|x86.ActiveCfg = Release|Win32
		{D9EC3DC3-518D-40E5-9A44-A2B6C8ADA773}.Release|x86.Build.0 = Release|Win32
	EndGlobalSection
	GlobalSection(SolutionProperties) = preSolution
		HideSolutionNode = FALSE
	EndGlobalSection
	GlobalSection(ExtensibilityGlobals) = postSolution
		SolutionGuid = {A8ECB22D-6258-4CB8-837A-531038AABD8F}
	EndGlobalSection
EndGlobal
